
Microsoft Visual Studio Solution File, Format Version 12.00
# Visual Studio Version 17
VisualStudioVersion = 17.10.34928.147
MinimumVisualStudioVersion = 15.0.26124.0
Project("{2150E333-8FDC-42A3-9474-1A3956D46DE8}") = "src", "src", "{43D9AF5B-179E-40AF-A68E-5744EEF36CC3}"
EndProject
Project("{9A19103F-16F7-4668-BE54-9A1E7A4F7556}") = "Sample.Worker", "src\Sample.Worker\Sample.Worker.csproj", "{5C21B388-9455-491B-95F6-6A71FCC7BC68}"
EndProject
Project("{9A19103F-16F7-4668-BE54-9A1E7A4F7556}") = "Sample.Contracts", "src\Sample.Contracts\Sample.Contracts.csproj", "{CDF6F6FB-AAE0-4963-8A66-32FA4DD2F31E}"
EndProject
Project("{9A19103F-16F7-4668-BE54-9A1E7A4F7556}") = "Sample.Consumer", "src\Sample.Consumer\Sample.Consumer.csproj", "{8A21C14C-72AF-4927-8820-3FD4FBBC80E1}"
EndProject
Global
	GlobalSection(SolutionConfigurationPlatforms) = preSolution
		Debug|Any CPU = Debug|Any CPU
		Debug|x64 = Debug|x64
		Debug|x86 = Debug|x86
		Release|Any CPU = Release|Any CPU
		Release|x64 = Release|x64
		Release|x86 = Release|x86
	EndGlobalSection
	GlobalSection(ProjectConfigurationPlatforms) = postSolution
		{5C21B388-9455-491B-95F6-6A71FCC7BC68}.Debug|Any CPU.ActiveCfg = Debug|Any CPU
		{5C21B388-9455-491B-95F6-6A71FCC7BC68}.Debug|Any CPU.Build.0 = Debug|Any CPU
		{5C21B388-9455-491B-95F6-6A71FCC7BC68}.Debug|x64.ActiveCfg = Debug|Any CPU
		{5C21B388-9455-491B-95F6-6A71FCC7BC68}.Debug|x64.Build.0 = Debug|Any CPU
		{5C21B388-9455-491B-95F6-6A71FCC7BC68}.Debug|x86.ActiveCfg = Debug|Any CPU
		{5C21B388-9455-491B-95F6-6A71FCC7BC68}.Debug|x86.Build.0 = Debug|Any CPU
		{5C21B388-9455-491B-95F6-6A71FCC7BC68}.Release|Any CPU.ActiveCfg = Release|Any CPU
		{5C21B388-9455-491B-95F6-6A71FCC7BC68}.Release|Any CPU.Build.0 = Release|Any CPU
		{5C21B388-9455-491B-95F6-6A71FCC7BC68}.Release|x64.ActiveCfg = Release|Any CPU
		{5C21B388-9455-491B-95F6-6A71FCC7BC68}.Release|x64.Build.0 = Release|Any CPU
		{5C21B388-9455-491B-95F6-6A71FCC7BC68}.Release|x86.ActiveCfg = Release|Any CPU
		{5C21B388-9455-491B-95F6-6A71FCC7BC68}.Release|x86.Build.0 = Release|Any CPU
		{CDF6F6FB-AAE0-4963-8A66-32FA4DD2F31E}.Debug|Any CPU.ActiveCfg = Debug|Any CPU
		{CDF6F6FB-AAE0-4963-8A66-32FA4DD2F31E}.Debug|Any CPU.Build.0 = Debug|Any CPU
		{CDF6F6FB-AAE0-4963-8A66-32FA4DD2F31E}.Debug|x64.ActiveCfg = Debug|Any CPU
		{CDF6F6FB-AAE0-4963-8A66-32FA4DD2F31E}.Debug|x64.Build.0 = Debug|Any CPU
		{CDF6F6FB-AAE0-4963-8A66-32FA4DD2F31E}.Debug|x86.ActiveCfg = Debug|Any CPU
		{CDF6F6FB-AAE0-4963-8A66-32FA4DD2F31E}.Debug|x86.Build.0 = Debug|Any CPU
		{CDF6F6FB-AAE0-4963-8A66-32FA4DD2F31E}.Release|Any CPU.ActiveCfg = Release|Any CPU
		{CDF6F6FB-AAE0-4963-8A66-32FA4DD2F31E}.Release|Any CPU.Build.0 = Release|Any CPU
		{CDF6F6FB-AAE0-4963-8A66-32FA4DD2F31E}.Release|x64.ActiveCfg = Release|Any CPU
		{CDF6F6FB-AAE0-4963-8A66-32FA4DD2F31E}.Release|x64.Build.0 = Release|Any CPU
		{CDF6F6FB-AAE0-4963-8A66-32FA4DD2F31E}.Release|x86.ActiveCfg = Release|Any CPU
		{CDF6F6FB-AAE0-4963-8A66-32FA4DD2F31E}.Release|x86.Build.0 = Release|Any CPU
		{8A21C14C-72AF-4927-8820-3FD4FBBC80E1}.Debug|Any CPU.ActiveCfg = Debug|Any CPU
		{8A21C14C-72AF-4927-8820-3FD4FBBC80E1}.Debug|Any CPU.Build.0 = Debug|Any CPU
		{8A21C14C-72AF-4927-8820-3FD4FBBC80E1}.Debug|x64.ActiveCfg = Debug|Any CPU
		{8A21C14C-72AF-4927-8820-3FD4FBBC80E1}.Debug|x64.Build.0 = Debug|Any CPU
		{8A21C14C-72AF-4927-8820-3FD4FBBC80E1}.Debug|x86.ActiveCfg = Debug|Any CPU
		{8A21C14C-72AF-4927-8820-3FD4FBBC80E1}.Debug|x86.Build.0 = Debug|Any CPU
		{8A21C14C-72AF-4927-8820-3FD4FBBC80E1}.Release|Any CPU.ActiveCfg = Release|Any CPU
		{8A21C14C-72AF-4927-8820-3FD4FBBC80E1}.Release|Any CPU.Build.0 = Release|Any CPU
		{8A21C14C-72AF-4927-8820-3FD4FBBC80E1}.Release|x64.ActiveCfg = Release|Any CPU
		{8A21C14C-72AF-4927-8820-3FD4FBBC80E1}.Release|x64.Build.0 = Release|Any CPU
		{8A21C14C-72AF-4927-8820-3FD4FBBC80E1}.Release|x86.ActiveCfg = Release|Any CPU
		{8A21C14C-72AF-4927-8820-3FD4FBBC80E1}.Release|x86.Build.0 = Release|Any CPU
	EndGlobalSection
	GlobalSection(SolutionProperties) = preSolution
		HideSolutionNode = FALSE
	EndGlobalSection
	GlobalSection(NestedProjects) = preSolution
		{5C21B388-9455-491B-95F6-6A71FCC7BC68} = {43D9AF5B-179E-40AF-A68E-5744EEF36CC3}
		{CDF6F6FB-AAE0-4963-8A66-32FA4DD2F31E} = {43D9AF5B-179E-40AF-A68E-5744EEF36CC3}
		{8A21C14C-72AF-4927-8820-3FD4FBBC80E1} = {43D9AF5B-179E-40AF-A68E-5744EEF36CC3}
	EndGlobalSection
	GlobalSection(ExtensibilityGlobals) = postSolution
		SolutionGuid = {F412022A-9C2F-4BB5-A5BE-4CBAC1407F8E}
	EndGlobalSection
EndGlobal
